
Microsoft Visual Studio Solution File, Format Version 12.00
# Visual Studio Version 17
VisualStudioVersion = 17.14.36414.22
MinimumVisualStudioVersion = 10.0.40219.1
Project("{8BC9CEB8-8B4A-11D0-8D11-00A0C91BC942}") = "Chapter02", "Chapter02\Chapter02.vcxproj", "{E52F2DD5-6CA4-44AD-B08E-82EE07C60036}"
EndProject
Project("{8BC9CEB8-8B4A-11D0-8D11-00A0C91BC942}") = "CommandPrompt", "CommandPrompt\CommandPrompt.vcxproj", "{01550A04-DF75-4F9C-9ACE-B67809991BA2}"
EndProject
Project("{8BC9CEB8-8B4A-11D0-8D11-00A0C91BC942}") = "Chapter06", "Chapter06\Chapter06.vcxproj", "{F059C05B-08F2-43EB-82CB-0BE37E47F8F3}"
EndProject
Project("{8BC9CEB8-8B4A-11D0-8D11-00A0C91BC942}") = "Chapter05", "Chapter05\Chapter05.vcxproj", "{A8AC0D9E-3586-4591-87D5-E0E47A989500}"
EndProject
Project("{8BC9CEB8-8B4A-11D0-8D11-00A0C91BC942}") = "Chapter07", "Chapter07\Chapter07.vcxproj", "{E7BB8DE5-7527-4AC6-A497-CD0F43707E97}"
EndProject
Project("{8BC9CEB8-8B4A-11D0-8D11-00A0C91BC942}") = "Test", "Test\Test.vcxproj", "{D17826A4-6B48-4962-8AD0-FA74C0C038F3}"
EndProject
Project("{8BC9CEB8-8B4A-11D0-8D11-00A0C91BC942}") = "Chapter08", "Chapter08\Chapter08.vcxproj", "{C05A5F9F-3A46-4079-B15B-07E48F52700F}"
EndProject
Project("{8BC9CEB8-8B4A-11D0-8D11-00A0C91BC942}") = "Chapter09", "Chapter09\Chapter09.vcxproj", "{E422EC59-8200-498E-BCE0-C35C9AB17714}"
EndProject
Project("{8BC9CEB8-8B4A-11D0-8D11-00A0C91BC942}") = "Chapter12", "Chapter12\Chapter12.vcxproj", "{5CCAAA10-59E8-4141-A2A2-65FD55AFB7F8}"
EndProject
Project("{8BC9CEB8-8B4A-11D0-8D11-00A0C91BC942}") = "Chapter13", "Chapter13\Chapter13.vcxproj", "{69208767-4AF0-457D-872C-9B2CABA09B70}"
EndProject
Project("{8BC9CEB8-8B4A-11D0-8D11-00A0C91BC942}") = "Chapter14", "Chapter14\Chapter14.vcxproj", "{B26124B7-5A9B-42CE-855B-C9B7880D6FC3}"
EndProject
Project("{8BC9CEB8-8B4A-11D0-8D11-00A0C91BC942}") = "Chapter15", "Chapter15\Chapter15.vcxproj", "{94734F83-6D18-45B8-876F-C3ED50CC9665}"
EndProject
Project("{8BC9CEB8-8B4A-11D0-8D11-00A0C91BC942}") = "Chapter20", "Chapter20\Chapter20.vcxproj", "{EF1DCF3C-A5E8-4551-AC18-62F383189018}"
EndProject
Project("{8BC9CEB8-8B4A-11D0-8D11-00A0C91BC942}") = "Chapter21", "Chapter21\Chapter21.vcxproj", "{FE7F666F-249B-46AA-8B3E-5585901C49BD}"
EndProject
Global
	GlobalSection(SolutionConfigurationPlatforms) = preSolution
		Debug|x64 = Debug|x64
		Debug|x86 = Debug|x86
		Release|x64 = Release|x64
		Release|x86 = Release|x86
	EndGlobalSection
	GlobalSection(ProjectConfigurationPlatforms) = postSolution
		{E52F2DD5-6CA4-44AD-B08E-82EE07C60036}.Debug|x64.ActiveCfg = Debug|x64
		{E52F2DD5-6CA4-44AD-B08E-82EE07C60036}.Debug|x64.Build.0 = Debug|x64
		{E52F2DD5-6CA4-44AD-B08E-82EE07C60036}.Debug|x86.ActiveCfg = Debug|Win32
		{E52F2DD5-6CA4-44AD-B08E-82EE07C60036}.Debug|x86.Build.0 = Debug|Win32
		{E52F2DD5-6CA4-44AD-B08E-82EE07C60036}.Release|x64.ActiveCfg = Release|x64
		{E52F2DD5-6CA4-44AD-B08E-82EE07C60036}.Release|x64.Build.0 = Release|x64
		{E52F2DD5-6CA4-44AD-B08E-82EE07C60036}.Release|x86.ActiveCfg = Release|Win32
		{E52F2DD5-6CA4-44AD-B08E-82EE07C60036}.Release|x86.Build.0 = Release|Win32
		{01550A04-DF75-4F9C-9ACE-B67809991BA2}.Debug|x64.ActiveCfg = Debug|x64
		{01550A04-DF75-4F9C-9ACE-B67809991BA2}.Debug|x64.Build.0 = Debug|x64
		{01550A04-DF75-4F9C-9ACE-B67809991BA2}.Debug|x86.ActiveCfg = Debug|Win32
		{01550A04-DF75-4F9C-9ACE-B67809991BA2}.Debug|x86.Build.0 = Debug|Win32
		{01550A04-DF75-4F9C-9ACE-B67809991BA2}.Release|x64.ActiveCfg = Release|x64
		{01550A04-DF75-4F9C-9ACE-B67809991BA2}.Release|x64.Build.0 = Release|x64
		{01550A04-DF75-4F9C-9ACE-B67809991BA2}.Release|x86.ActiveCfg = Release|Win32
		{01550A04-DF75-4F9C-9ACE-B67809991BA2}.Release|x86.Build.0 = Release|Win32
		{F059C05B-08F2-43EB-82CB-0BE37E47F8F3}.Debug|x64.ActiveCfg = Debug|x64
		{F059C05B-08F2-43EB-82CB-0BE37E47F8F3}.Debug|x64.Build.0 = Debug|x64
		{F059C05B-08F2-43EB-82CB-0BE37E47F8F3}.Debug|x86.ActiveCfg = Debug|Win32
		{F059C05B-08F2-43EB-82CB-0BE37E47F8F3}.Debug|x86.Build.0 = Debug|Win32
		{F059C05B-08F2-43EB-82CB-0BE37E47F8F3}.Release|x64.ActiveCfg = Release|x64
		{F059C05B-08F2-43EB-82CB-0BE37E47F8F3}.Release|x64.Build.0 = Release|x64
		{F059C05B-08F2-43EB-82CB-0BE37E47F8F3}.Release|x86.ActiveCfg = Release|Win32
		{F059C05B-08F2-43EB-82CB-0BE37E47F8F3}.Release|x86.Build.0 = Release|Win32
		{A8AC0D9E-3586-4591-87D5-E0E47A989500}.Debug|x64.ActiveCfg = Debug|x64
		{A8AC0D9E-3586-4591-87D5-E0E47A989500}.Debug|x64.Build.0 = Debug|x64
		{A8AC0D9E-3586-4591-87D5-E0E47A989500}.Debug|x86.ActiveCfg = Debug|Win32
		{A8AC0D9E-3586-4591-87D5-E0E47A989500}.Debug|x86.Build.0 = Debug|Win32
		{A8AC0D9E-3586-4591-87D5-E0E47A989500}.Release|x64.ActiveCfg = Release|x64
		{A8AC0D9E-3586-4591-87D5-E0E47A989500}.Release|x64.Build.0 = Release|x64
		{A8AC0D9E-3586-4591-87D5-E0E47A989500}.Release|x86.ActiveCfg = Release|Win32
		{A8AC0D9E-3586-4591-87D5-E0E47A989500}.Release|x86.Build.0 = Release|Win32
		{E7BB8DE5-7527-4AC6-A497-CD0F43707E97}.Debug|x64.ActiveCfg = Debug|x64
		{E7BB8DE5-7527-4AC6-A497-CD0F43707E97}.Debug|x64.Build.0 = Debug|x64
		{E7BB8DE5-7527-4AC6-A497-CD0F43707E97}.Debug|x86.ActiveCfg = Debug|Win32
		{E7BB8DE5-7527-4AC6-A497-CD0F43707E97}.Debug|x86.Build.0 = Debug|Win32
		{E7BB8DE5-7527-4AC6-A497-CD0F43707E97}.Release|x64.ActiveCfg = Release|x64
		{E7BB8DE5-7527-4AC6-A497-CD0F43707E97}.Release|x64.Build.0 = Release|x64
		{E7BB8DE5-7527-4AC6-A497-CD0F43707E97}.Release|x86.ActiveCfg = Release|Win32
		{E7BB8DE5-7527-4AC6-A497-CD0F43707E97}.Release|x86.Build.0 = Release|Win32
		{D17826A4-6B48-4962-8AD0-FA74C0C038F3}.Debug|x64.ActiveCfg = Debug|x64
		{D17826A4-6B48-4962-8AD0-FA74C0C038F3}.Debug|x64.Build.0 = Debug|x64
		{D17826A4-6B48-4962-8AD0-FA74C0C038F3}.Debug|x86.ActiveCfg = Debug|Win32
		{D17826A4-6B48-4962-8AD0-FA74C0C038F3}.Debug|x86.Build.0 = Debug|Win32
		{D17826A4-6B48-4962-8AD0-FA74C0C038F3}.Release|x64.ActiveCfg = Release|x64
		{D17826A4-6B48-4962-8AD0-FA74C0C038F3}.Release|x64.Build.0 = Release|x64
		{D17826A4-6B48-4962-8AD0-FA74C0C038F3}.Release|x86.ActiveCfg = Release|Win32
		{D17826A4-6B48-4962-8AD0-FA74C0C038F3}.Release|x86.Build.0 = Release|Win32
		{C05A5F9F-3A46-4079-B15B-07E48F52700F}.Debug|x64.ActiveCfg = Debug|x64
		{C05A5F9F-3A46-4079-B15B-07E48F52700F}.Debug|x64.Build.0 = Debug|x64
		{C05A5F9F-3A46-4079-B15B-07E48F52700F}.Debug|x86.ActiveCfg = Debug|Win32
		{C05A5F9F-3A46-4079-B15B-07E48F52700F}.Debug|x86.Build.0 = Debug|Win32
		{C05A5F9F-3A46-4079-B15B-07E48F52700F}.Release|x64.ActiveCfg = Release|x64
		{C05A5F9F-3A46-4079-B15B-07E48F52700F}.Release|x64.Build.0 = Release|x64
		{C05A5F9F-3A46-4079-B15B-07E48F52700F}.Release|x86.ActiveCfg = Release|Win32
		{C05A5F9F-3A46-4079-B15B-07E48F52700F}.Release|x86.Build.0 = Release|Win32
		{E422EC59-8200-498E-BCE0-C35C9AB17714}.Debug|x64.ActiveCfg = Debug|x64
		{E422EC59-8200-498E-BCE0-C35C9AB17714}.Debug|x64.Build.0 = Debug|x64
		{E422EC59-8200-498E-BCE0-C35C9AB17714}.Debug|x86.ActiveCfg = Debug|Win32
		{E422EC59-8200-498E-BCE0-C35C9AB17714}.Debug|x86.Build.0 = Debug|Win32
		{E422EC59-8200-498E-BCE0-C35C9AB17714}.Release|x64.ActiveCfg = Release|x64
		{E422EC59-8200-498E-BCE0-C35C9AB17714}.Release|x64.Build.0 = Release|x64
		{E422EC59-8200-498E-BCE0-C35C9AB17714}.Release|x86.ActiveCfg = Release|Win32
		{E422EC59-8200-498E-BCE0-C35C9AB17714}.Release|x86.Build.0 = Release|Win32
		{5CCAAA10-59E8-4141-A2A2-65FD55AFB7F8}.Debug|x64.ActiveCfg = Debug|x64
		{5CCAAA10-59E8-4141-A2A2-65FD55AFB7F8}.Debug|x64.Build.0 = Debug|x64
		{5CCAAA10-59E8-4141-A2A2-65FD55AFB7F8}.Debug|x86.ActiveCfg = Debug|Win32
		{5CCAAA10-59E8-4141-A2A2-65FD55AFB7F8}.Debug|x86.Build.0 = Debug|Win32
		{5CCAAA10-59E8-4141-A2A2-65FD55AFB7F8}.Release|x64.ActiveCfg = Release|x64
		{5CCAAA10-59E8-4141-A2A2-65FD55AFB7F8}.Release|x64.Build.0 = Release|x64
		{5CCAAA10-59E8-4141-A2A2-65FD55AFB7F8}.Release|x86.ActiveCfg = Release|Win32
		{5CCAAA10-59E8-4141-A2A2-65FD55AFB7F8}.Release|x86.Build.0 = Release|Win32
		{69208767-4AF0-457D-872C-9B2CABA09B70}.Debug|x64.ActiveCfg = Debug|x64
		{69208767-4AF0-457D-872C-9B2CABA09B70}.Debug|x64.Build.0 = Debug|x64
		{69208767-4AF0-457D-872C-9B2CABA09B70}.Debug|x86.ActiveCfg = Debug|Win32
		{69208767-4AF0-457D-872C-9B2CABA09B70}.Debug|x86.Build.0 = Debug|Win32
		{69208767-4AF0-457D-872C-9B2CABA09B70}.Release|x64.ActiveCfg = Release|x64
		{69208767-4AF0-457D-872C-9B2CABA09B70}.Release|x64.Build.0 = Release|x64
		{69208767-4AF0-457D-872C-9B2CABA09B70}.Release|x86.ActiveCfg = Release|Win32
		{69208767-4AF0-457D-872C-9B2CABA09B70}.Release|x86.Build.0 = Release|Win32
		{B26124B7-5A9B-42CE-855B-C9B7880D6FC3}.Debug|x64.ActiveCfg = Debug|x64
		{B26124B7-5A9B-42CE-855B-C9B7880D6FC3}.Debug|x64.Build.0 = Debug|x64
		{B26124B7-5A9B-42CE-855B-C9B7880D6FC3}.Debug|x86.ActiveCfg = Debug|Win32
		{B26124B7-5A9B-42CE-855B-C9B7880D6FC3}.Debug|x86.Build.0 = Debug|Win32
		{B26124B7-5A9B-42CE-855B-C9B7880D6FC3}.Release|x64.ActiveCfg = Release|x64
		{B26124B7-5A9B-42CE-855B-C9B7880D6FC3}.Release|x64.Build.0 = Release|x64
		{B26124B7-5A9B-42CE-855B-C9B7880D6FC3}.Release|x86.ActiveCfg = Release|Win32
		{B26124B7-5A9B-42CE-855B-C9B7880D6FC3}.Release|x86.Build.0 = Release|Win32
		{94734F83-6D18-45B8-876F-C3ED50CC9665}.Debug|x64.ActiveCfg = Debug|x64
		{94734F83-6D18-45B8-876F-C3ED50CC9665}.Debug|x64.Build.0 = Debug|x64
		{94734F83-6D18-45B8-876F-C3ED50CC9665}.Debug|x86.ActiveCfg = Debug|Win32
		{94734F83-6D18-45B8-876F-C3ED50CC9665}.Debug|x86.Build.0 = Debug|Win32
		{94734F83-6D18-45B8-876F-C3ED50CC9665}.Release|x64.ActiveCfg = Release|x64
		{94734F83-6D18-45B8-876F-C3ED50CC9665}.Release|x64.Build.0 = Release|x64
		{94734F83-6D18-45B8-876F-C3ED50CC9665}.Release|x86.ActiveCfg = Release|Win32
		{94734F83-6D18-45B8-876F-C3ED50CC9665}.Release|x86.Build.0 = Release|Win32
		{EF1DCF3C-A5E8-4551-AC18-62F383189018}.Debug|x64.ActiveCfg = Debug|x64
		{EF1DCF3C-A5E8-4551-AC18-62F383189018}.Debug|x64.Build.0 = Debug|x64
		{EF1DCF3C-A5E8-4551-AC18-62F383189018}.Debug|x86.ActiveCfg = Debug|Win32
		{EF1DCF3C-A5E8-4551-AC18-62F383189018}.Debug|x86.Build.0 = Debug|Win32
		{EF1DCF3C-A5E8-4551-AC18-62F383189018}.Release|x64.ActiveCfg = Release|x64
		{EF1DCF3C-A5E8-4551-AC18-62F383189018}.Release|x64.Build.0 = Release|x64
		{EF1DCF3C-A5E8-4551-AC18-62F383189018}.Release|x86.ActiveCfg = Release|Win32
		{EF1DCF3C-A5E8-4551-AC18-62F383189018}.Release|x86.Build.0 = Release|Win32
		{FE7F666F-249B-46AA-8B3E-5585901C49BD}.Debug|x64.ActiveCfg = Debug|x64
		{FE7F666F-249B-46AA-8B3E-5585901C49BD}.Debug|x64.Build.0 = Debug|x64
		{FE7F666F-249B-46AA-8B3E-5585901C49BD}.Debug|x86.ActiveCfg = Debug|Win32
		{FE7F666F-249B-46AA-8B3E-5585901C49BD}.Debug|x86.Build.0 = Debug|Win32
		{FE7F666F-249B-46AA-8B3E-5585901C49BD}.Release|x64.ActiveCfg = Release|x64
		{FE7F666F-249B-46AA-8B3E-5585901C49BD}.Release|x64.Build.0 = Release|x64
		{FE7F666F-249B-46AA-8B3E-5585901C49BD}.Release|x86.ActiveCfg = Release|Win32
		{FE7F666F-249B-46AA-8B3E-5585901C49BD}.Release|x86.Build.0 = Release|Win32
	EndGlobalSection
	GlobalSection(SolutionProperties) = preSolution
		HideSolutionNode = FALSE
	EndGlobalSection
	GlobalSection(ExtensibilityGlobals) = postSolution
		SolutionGuid = {89EB74DE-1FB3-4551-BB99-1FEF03671915}
	EndGlobalSection
EndGlobal
